
Microsoft Visual Studio Solution File, Format Version 12.00
# Visual Studio Version 16
VisualStudioVersion = 16.0.30621.155
MinimumVisualStudioVersion = 10.0.40219.1
Project("{FAE04EC0-301F-11D3-BF4B-00C04F79EFBC}") = "HashTable", "HashTable.csproj", "{EFA35C73-9FFC-4B59-80E1-D367BC102D58}"
EndProject
Global
	GlobalSection(SolutionConfigurationPlatforms) = preSolution
		Debug|Any CPU = Debug|Any CPU
		Release|Any CPU = Release|Any CPU
	EndGlobalSection
	GlobalSection(ProjectConfigurationPlatforms) = postSolution
		{EFA35C73-9FFC-4B59-80E1-D367BC102D58}.Debug|Any CPU.ActiveCfg = Debug|Any CPU
		{EFA35C73-9FFC-4B59-80E1-D367BC102D58}.Debug|Any CPU.Build.0 = Debug|Any CPU
		{EFA35C73-9FFC-4B59-80E1-D367BC102D58}.Release|Any CPU.ActiveCfg = Release|Any CPU
		{EFA35C73-9FFC-4B59-80E1-D367BC102D58}.Release|Any CPU.Build.0 = Release|Any CPU
	EndGlobalSection
	GlobalSection(SolutionProperties) = preSolution
		HideSolutionNode = FALSE
	EndGlobalSection
	GlobalSection(ExtensibilityGlobals) = postSolution
		SolutionGuid = {A8429DCA-B9C6-4E52-8DD0-416C3D63E6DA}
	EndGlobalSection
EndGlobal
